
Microsoft Visual Studio Solution File, Format Version 12.00
# Visual Studio Version 16
VisualStudioVersion = 16.0.31205.134
MinimumVisualStudioVersion = 10.0.40219.1
Project("{FAE04EC0-301F-11D3-BF4B-00C04F79EFBC}") = "ReszonAPI", "ReszonAPI\ReszonAPI.csproj", "{A0F77C82-E93E-45E0-B678-69EA00F1789A}"
EndProject
Project("{2150E333-8FDC-42A3-9474-1A3956D46DE8}") = "1 - Presentation", "1 - Presentation", "{89985B30-7C5D-4F81-A0EF-562CA8E59341}"
EndProject
Project("{2150E333-8FDC-42A3-9474-1A3956D46DE8}") = "2 - Application", "2 - Application", "{2B4579F2-8B46-49D7-8E4F-EA71950EF32F}"
EndProject
Project("{2150E333-8FDC-42A3-9474-1A3956D46DE8}") = "3 - Domain", "3 - Domain", "{DCBD942A-4B4E-4BB3-8D05-16D692DF8E76}"
EndProject
Project("{2150E333-8FDC-42A3-9474-1A3956D46DE8}") = "4 - Infrastructure", "4 - Infrastructure", "{8B853CF3-3A66-4929-B46D-52E19E40667A}"
EndProject
Project("{FAE04EC0-301F-11D3-BF4B-00C04F79EFBC}") = "Application", "Application\Application.csproj", "{630ED83C-7E6C-4BCC-9CE8-08CE845F41A1}"
EndProject
Project("{FAE04EC0-301F-11D3-BF4B-00C04F79EFBC}") = "DTO", "DTO\DTO.csproj", "{D807E18B-5BF5-49F7-BFA0-483DA8831AB1}"
EndProject
Project("{FAE04EC0-301F-11D3-BF4B-00C04F79EFBC}") = "Domain", "Domain\Domain.csproj", "{659D5665-A86F-4795-8947-299C590928A1}"
EndProject
Project("{FAE04EC0-301F-11D3-BF4B-00C04F79EFBC}") = "Service", "Service\Service.csproj", "{5939E533-F983-41DA-87AA-01D2B40AE4B4}"
EndProject
Project("{FAE04EC0-301F-11D3-BF4B-00C04F79EFBC}") = "Core", "Core\Core.csproj", "{2A354756-3379-43DF-A3F2-8DB1B4AE1AF7}"
EndProject
Project("{FAE04EC0-301F-11D3-BF4B-00C04F79EFBC}") = "Common", "Common\Common.csproj", "{04147CF1-05E7-4CD7-B9E3-C495F5515E68}"
EndProject
Project("{2150E333-8FDC-42A3-9474-1A3956D46DE8}") = "4.1 - Data", "4.1 - Data", "{9963BAEB-782A-4791-ABB6-AA0326B3DAA6}"
EndProject
Project("{2150E333-8FDC-42A3-9474-1A3956D46DE8}") = "4.2 - CrossCutting", "4.2 - CrossCutting", "{7BAAA1DE-79F2-4764-A322-2034D79ABE67}"
EndProject
Project("{FAE04EC0-301F-11D3-BF4B-00C04F79EFBC}") = "Data", "Data\Data.csproj", "{06F55D35-4E2A-47DC-A776-65CE2F616041}"
EndProject
Project("{FAE04EC0-301F-11D3-BF4B-00C04F79EFBC}") = "Repository", "Repository\Repository.csproj", "{D2C91DAA-6C1E-4E7B-AEAD-AA702D624BAE}"
EndProject
Project("{FAE04EC0-301F-11D3-BF4B-00C04F79EFBC}") = "Adapter", "Adapter\Adapter.csproj", "{9513CA5B-0E97-44E5-87BD-2311613F8E96}"
EndProject
Project("{FAE04EC0-301F-11D3-BF4B-00C04F79EFBC}") = "IOC", "IOC\IOC.csproj", "{99C7E795-9A5C-4711-BA31-753163D40E49}"
EndProject
Global
	GlobalSection(SolutionConfigurationPlatforms) = preSolution
		Debug|Any CPU = Debug|Any CPU
		Release|Any CPU = Release|Any CPU
	EndGlobalSection
	GlobalSection(ProjectConfigurationPlatforms) = postSolution
		{A0F77C82-E93E-45E0-B678-69EA00F1789A}.Debug|Any CPU.ActiveCfg = Debug|Any CPU
		{A0F77C82-E93E-45E0-B678-69EA00F1789A}.Debug|Any CPU.Build.0 = Debug|Any CPU
		{A0F77C82-E93E-45E0-B678-69EA00F1789A}.Release|Any CPU.ActiveCfg = Release|Any CPU
		{A0F77C82-E93E-45E0-B678-69EA00F1789A}.Release|Any CPU.Build.0 = Release|Any CPU
		{630ED83C-7E6C-4BCC-9CE8-08CE845F41A1}.Debug|Any CPU.ActiveCfg = Debug|Any CPU
		{630ED83C-7E6C-4BCC-9CE8-08CE845F41A1}.Debug|Any CPU.Build.0 = Debug|Any CPU
		{630ED83C-7E6C-4BCC-9CE8-08CE845F41A1}.Release|Any CPU.ActiveCfg = Release|Any CPU
		{630ED83C-7E6C-4BCC-9CE8-08CE845F41A1}.Release|Any CPU.Build.0 = Release|Any CPU
		{D807E18B-5BF5-49F7-BFA0-483DA8831AB1}.Debug|Any CPU.ActiveCfg = Debug|Any CPU
		{D807E18B-5BF5-49F7-BFA0-483DA8831AB1}.Debug|Any CPU.Build.0 = Debug|Any CPU
		{D807E18B-5BF5-49F7-BFA0-483DA8831AB1}.Release|Any CPU.ActiveCfg = Release|Any CPU
		{D807E18B-5BF5-49F7-BFA0-483DA8831AB1}.Release|Any CPU.Build.0 = Release|Any CPU
		{659D5665-A86F-4795-8947-299C590928A1}.Debug|Any CPU.ActiveCfg = Debug|Any CPU
		{659D5665-A86F-4795-8947-299C590928A1}.Debug|Any CPU.Build.0 = Debug|Any CPU
		{659D5665-A86F-4795-8947-299C590928A1}.Release|Any CPU.ActiveCfg = Release|Any CPU
		{659D5665-A86F-4795-8947-299C590928A1}.Release|Any CPU.Build.0 = Release|Any CPU
		{5939E533-F983-41DA-87AA-01D2B40AE4B4}.Debug|Any CPU.ActiveCfg = Debug|Any CPU
		{5939E533-F983-41DA-87AA-01D2B40AE4B4}.Debug|Any CPU.Build.0 = Debug|Any CPU
		{5939E533-F983-41DA-87AA-01D2B40AE4B4}.Release|Any CPU.ActiveCfg = Release|Any CPU
		{5939E533-F983-41DA-87AA-01D2B40AE4B4}.Release|Any CPU.Build.0 = Release|Any CPU
		{2A354756-3379-43DF-A3F2-8DB1B4AE1AF7}.Debug|Any CPU.ActiveCfg = Debug|Any CPU
		{2A354756-3379-43DF-A3F2-8DB1B4AE1AF7}.Debug|Any CPU.Build.0 = Debug|Any CPU
		{2A354756-3379-43DF-A3F2-8DB1B4AE1AF7}.Release|Any CPU.ActiveCfg = Release|Any CPU
		{2A354756-3379-43DF-A3F2-8DB1B4AE1AF7}.Release|Any CPU.Build.0 = Release|Any CPU
		{04147CF1-05E7-4CD7-B9E3-C495F5515E68}.Debug|Any CPU.ActiveCfg = Debug|Any CPU
		{04147CF1-05E7-4CD7-B9E3-C495F5515E68}.Debug|Any CPU.Build.0 = Debug|Any CPU
		{04147CF1-05E7-4CD7-B9E3-C495F5515E68}.Release|Any CPU.ActiveCfg = Release|Any CPU
		{04147CF1-05E7-4CD7-B9E3-C495F5515E68}.Release|Any CPU.Build.0 = Release|Any CPU
		{06F55D35-4E2A-47DC-A776-65CE2F616041}.Debug|Any CPU.ActiveCfg = Debug|Any CPU
		{06F55D35-4E2A-47DC-A776-65CE2F616041}.Debug|Any CPU.Build.0 = Debug|Any CPU
		{06F55D35-4E2A-47DC-A776-65CE2F616041}.Release|Any CPU.ActiveCfg = Release|Any CPU
		{06F55D35-4E2A-47DC-A776-65CE2F616041}.Release|Any CPU.Build.0 = Release|Any CPU
		{D2C91DAA-6C1E-4E7B-AEAD-AA702D624BAE}.Debug|Any CPU.ActiveCfg = Debug|Any CPU
		{D2C91DAA-6C1E-4E7B-AEAD-AA702D624BAE}.Debug|Any CPU.Build.0 = Debug|Any CPU
		{D2C91DAA-6C1E-4E7B-AEAD-AA702D624BAE}.Release|Any CPU.ActiveCfg = Release|Any CPU
		{D2C91DAA-6C1E-4E7B-AEAD-AA702D624BAE}.Release|Any CPU.Build.0 = Release|Any CPU
		{9513CA5B-0E97-44E5-87BD-2311613F8E96}.Debug|Any CPU.ActiveCfg = Debug|Any CPU
		{9513CA5B-0E97-44E5-87BD-2311613F8E96}.Debug|Any CPU.Build.0 = Debug|Any CPU
		{9513CA5B-0E97-44E5-87BD-2311613F8E96}.Release|Any CPU.ActiveCfg = Release|Any CPU
		{9513CA5B-0E97-44E5-87BD-2311613F8E96}.Release|Any CPU.Build.0 = Release|Any CPU
		{99C7E795-9A5C-4711-BA31-753163D40E49}.Debug|Any CPU.ActiveCfg = Debug|Any CPU
		{99C7E795-9A5C-4711-BA31-753163D40E49}.Debug|Any CPU.Build.0 = Debug|Any CPU
		{99C7E795-9A5C-4711-BA31-753163D40E49}.Release|Any CPU.ActiveCfg = Release|Any CPU
		{99C7E795-9A5C-4711-BA31-753163D40E49}.Release|Any CPU.Build.0 = Release|Any CPU
	EndGlobalSection
	GlobalSection(SolutionProperties) = preSolution
		HideSolutionNode = FALSE
	EndGlobalSection
	GlobalSection(NestedProjects) = preSolution
		{A0F77C82-E93E-45E0-B678-69EA00F1789A} = {89985B30-7C5D-4F81-A0EF-562CA8E59341}
		{630ED83C-7E6C-4BCC-9CE8-08CE845F41A1} = {2B4579F2-8B46-49D7-8E4F-EA71950EF32F}
		{D807E18B-5BF5-49F7-BFA0-483DA8831AB1} = {2B4579F2-8B46-49D7-8E4F-EA71950EF32F}
		{659D5665-A86F-4795-8947-299C590928A1} = {DCBD942A-4B4E-4BB3-8D05-16D692DF8E76}
		{5939E533-F983-41DA-87AA-01D2B40AE4B4} = {DCBD942A-4B4E-4BB3-8D05-16D692DF8E76}
		{2A354756-3379-43DF-A3F2-8DB1B4AE1AF7} = {DCBD942A-4B4E-4BB3-8D05-16D692DF8E76}
		{04147CF1-05E7-4CD7-B9E3-C495F5515E68} = {DCBD942A-4B4E-4BB3-8D05-16D692DF8E76}
		{9963BAEB-782A-4791-ABB6-AA0326B3DAA6} = {8B853CF3-3A66-4929-B46D-52E19E40667A}
		{7BAAA1DE-79F2-4764-A322-2034D79ABE67} = {8B853CF3-3A66-4929-B46D-52E19E40667A}
		{06F55D35-4E2A-47DC-A776-65CE2F616041} = {9963BAEB-782A-4791-ABB6-AA0326B3DAA6}
		{D2C91DAA-6C1E-4E7B-AEAD-AA702D624BAE} = {9963BAEB-782A-4791-ABB6-AA0326B3DAA6}
		{9513CA5B-0E97-44E5-87BD-2311613F8E96} = {7BAAA1DE-79F2-4764-A322-2034D79ABE67}
		{99C7E795-9A5C-4711-BA31-753163D40E49} = {7BAAA1DE-79F2-4764-A322-2034D79ABE67}
	EndGlobalSection
	GlobalSection(ExtensibilityGlobals) = postSolution
		SolutionGuid = {595306DB-F5A7-4AFB-BC4D-FE129B171756}
	EndGlobalSection
EndGlobal
